
Microsoft Visual Studio Solution File, Format Version 12.00
# Visual Studio 15
VisualStudioVersion = 15.0.27004.2009
MinimumVisualStudioVersion = 10.0.40219.1
Project("{FAE04EC0-301F-11D3-BF4B-00C04F79EFBC}") = "FlyUnix", "client\FlyUnix\FlyUnix.csproj", "{F6605AE6-3109-43CB-BE2C-2645A6384C2E}"
EndProject
Project("{FAE04EC0-301F-11D3-BF4B-00C04F79EFBC}") = "FlyWindowsWPF", "client\FlyWindowsWPF\FlyWindowsWPF.csproj", "{8F4F82E7-4438-4DFD-8161-5051C2CB5C58}"
EndProject
Project("{FAE04EC0-301F-11D3-BF4B-00C04F79EFBC}") = "FlyClientApi", "client\FlyClientApi\FlyClientApi.csproj", "{AB04D04D-2015-4A6A-BE49-3BEF6B775040}"
EndProject
Project("{FAE04EC0-301F-11D3-BF4B-00C04F79EFBC}") = "Logger", "client\Logger\Logger.csproj", "{1C3FBB20-35A5-4E1B-A9C8-CC03AB0B1F19}"
EndProject
Project("{FAE04EC0-301F-11D3-BF4B-00C04F79EFBC}") = "FlyPhone.Android", "client\FlyPhone\FlyPhone.Android\FlyPhone.Android.csproj", "{05BB8D71-7714-44B2-8C96-9D3A406E202D}"
EndProject
Project("{FAE04EC0-301F-11D3-BF4B-00C04F79EFBC}") = "FlyPhone.iOS", "client\FlyPhone\FlyPhone.iOS\FlyPhone.iOS.csproj", "{45D65FE3-C971-4FB9-9842-B16140E106BB}"
EndProject
Project("{FAE04EC0-301F-11D3-BF4B-00C04F79EFBC}") = "FlyPhone", "client\FlyPhone\FlyPhone\FlyPhone.csproj", "{D5A23ADA-7537-41ED-BCBB-305C6EB309A0}"
EndProject
Project("{FAE04EC0-301F-11D3-BF4B-00C04F79EFBC}") = "DatabaseController", "web\DatabaseController\DatabaseController.csproj", "{44709FF0-5D2F-4373-BE2D-C53476F47B1E}"
EndProject
Project("{FAE04EC0-301F-11D3-BF4B-00C04F79EFBC}") = "FlyWeb", "web\FlyWeb\FlyWeb.csproj", "{E6E61FFA-94B2-4330-A80D-05623221515A}"
EndProject
Project("{FAE04EC0-301F-11D3-BF4B-00C04F79EFBC}") = "Models", "web\Models\Models.csproj", "{BF890B32-8FB1-40F1-B2AA-AF943FB8F5BE}"
EndProject
Project("{FAE04EC0-301F-11D3-BF4B-00C04F79EFBC}") = "Tests", "tests\Tests\Tests.csproj", "{477656C4-5A73-443D-8BD8-A860B1831B16}"
EndProject
Global
	GlobalSection(SolutionConfigurationPlatforms) = preSolution
		Ad-Hoc|Any CPU = Ad-Hoc|Any CPU
		Ad-Hoc|ARM = Ad-Hoc|ARM
		Ad-Hoc|iPhone = Ad-Hoc|iPhone
		Ad-Hoc|iPhoneSimulator = Ad-Hoc|iPhoneSimulator
		Ad-Hoc|x64 = Ad-Hoc|x64
		Ad-Hoc|x86 = Ad-Hoc|x86
		AppStore|Any CPU = AppStore|Any CPU
		AppStore|ARM = AppStore|ARM
		AppStore|iPhone = AppStore|iPhone
		AppStore|iPhoneSimulator = AppStore|iPhoneSimulator
		AppStore|x64 = AppStore|x64
		AppStore|x86 = AppStore|x86
		Debug|Any CPU = Debug|Any CPU
		Debug|ARM = Debug|ARM
		Debug|iPhone = Debug|iPhone
		Debug|iPhoneSimulator = Debug|iPhoneSimulator
		Debug|x64 = Debug|x64
		Debug|x86 = Debug|x86
		Release|Any CPU = Release|Any CPU
		Release|ARM = Release|ARM
		Release|iPhone = Release|iPhone
		Release|iPhoneSimulator = Release|iPhoneSimulator
		Release|x64 = Release|x64
		Release|x86 = Release|x86
	EndGlobalSection
	GlobalSection(ProjectConfigurationPlatforms) = postSolution
		{F6605AE6-3109-43CB-BE2C-2645A6384C2E}.Ad-Hoc|Any CPU.ActiveCfg = Release|Any CPU
		{F6605AE6-3109-43CB-BE2C-2645A6384C2E}.Ad-Hoc|Any CPU.Build.0 = Release|Any CPU
		{F6605AE6-3109-43CB-BE2C-2645A6384C2E}.Ad-Hoc|ARM.ActiveCfg = Release|Any CPU
		{F6605AE6-3109-43CB-BE2C-2645A6384C2E}.Ad-Hoc|ARM.Build.0 = Release|Any CPU
		{F6605AE6-3109-43CB-BE2C-2645A6384C2E}.Ad-Hoc|iPhone.ActiveCfg = Release|Any CPU
		{F6605AE6-3109-43CB-BE2C-2645A6384C2E}.Ad-Hoc|iPhone.Build.0 = Release|Any CPU
		{F6605AE6-3109-43CB-BE2C-2645A6384C2E}.Ad-Hoc|iPhoneSimulator.ActiveCfg = Release|Any CPU
		{F6605AE6-3109-43CB-BE2C-2645A6384C2E}.Ad-Hoc|iPhoneSimulator.Build.0 = Release|Any CPU
		{F6605AE6-3109-43CB-BE2C-2645A6384C2E}.Ad-Hoc|x64.ActiveCfg = Release|Any CPU
		{F6605AE6-3109-43CB-BE2C-2645A6384C2E}.Ad-Hoc|x64.Build.0 = Release|Any CPU
		{F6605AE6-3109-43CB-BE2C-2645A6384C2E}.Ad-Hoc|x86.ActiveCfg = Release|Any CPU
		{F6605AE6-3109-43CB-BE2C-2645A6384C2E}.Ad-Hoc|x86.Build.0 = Release|Any CPU
		{F6605AE6-3109-43CB-BE2C-2645A6384C2E}.AppStore|Any CPU.ActiveCfg = Release|Any CPU
		{F6605AE6-3109-43CB-BE2C-2645A6384C2E}.AppStore|Any CPU.Build.0 = Release|Any CPU
		{F6605AE6-3109-43CB-BE2C-2645A6384C2E}.AppStore|ARM.ActiveCfg = Release|Any CPU
		{F6605AE6-3109-43CB-BE2C-2645A6384C2E}.AppStore|ARM.Build.0 = Release|Any CPU
		{F6605AE6-3109-43CB-BE2C-2645A6384C2E}.AppStore|iPhone.ActiveCfg = Release|Any CPU
		{F6605AE6-3109-43CB-BE2C-2645A6384C2E}.AppStore|iPhone.Build.0 = Release|Any CPU
		{F6605AE6-3109-43CB-BE2C-2645A6384C2E}.AppStore|iPhoneSimulator.ActiveCfg = Release|Any CPU
		{F6605AE6-3109-43CB-BE2C-2645A6384C2E}.AppStore|iPhoneSimulator.Build.0 = Release|Any CPU
		{F6605AE6-3109-43CB-BE2C-2645A6384C2E}.AppStore|x64.ActiveCfg = Release|Any CPU
		{F6605AE6-3109-43CB-BE2C-2645A6384C2E}.AppStore|x64.Build.0 = Release|Any CPU
		{F6605AE6-3109-43CB-BE2C-2645A6384C2E}.AppStore|x86.ActiveCfg = Release|Any CPU
		{F6605AE6-3109-43CB-BE2C-2645A6384C2E}.AppStore|x86.Build.0 = Release|Any CPU
		{F6605AE6-3109-43CB-BE2C-2645A6384C2E}.Debug|Any CPU.ActiveCfg = Debug|Any CPU
		{F6605AE6-3109-43CB-BE2C-2645A6384C2E}.Debug|Any CPU.Build.0 = Debug|Any CPU
		{F6605AE6-3109-43CB-BE2C-2645A6384C2E}.Debug|ARM.ActiveCfg = Debug|Any CPU
		{F6605AE6-3109-43CB-BE2C-2645A6384C2E}.Debug|ARM.Build.0 = Debug|Any CPU
		{F6605AE6-3109-43CB-BE2C-2645A6384C2E}.Debug|iPhone.ActiveCfg = Debug|Any CPU
		{F6605AE6-3109-43CB-BE2C-2645A6384C2E}.Debug|iPhone.Build.0 = Debug|Any CPU
		{F6605AE6-3109-43CB-BE2C-2645A6384C2E}.Debug|iPhoneSimulator.ActiveCfg = Debug|Any CPU
		{F6605AE6-3109-43CB-BE2C-2645A6384C2E}.Debug|iPhoneSimulator.Build.0 = Debug|Any CPU
		{F6605AE6-3109-43CB-BE2C-2645A6384C2E}.Debug|x64.ActiveCfg = Debug|Any CPU
		{F6605AE6-3109-43CB-BE2C-2645A6384C2E}.Debug|x64.Build.0 = Debug|Any CPU
		{F6605AE6-3109-43CB-BE2C-2645A6384C2E}.Debug|x86.ActiveCfg = Debug|Any CPU
		{F6605AE6-3109-43CB-BE2C-2645A6384C2E}.Debug|x86.Build.0 = Debug|Any CPU
		{F6605AE6-3109-43CB-BE2C-2645A6384C2E}.Release|Any CPU.ActiveCfg = Release|Any CPU
		{F6605AE6-3109-43CB-BE2C-2645A6384C2E}.Release|Any CPU.Build.0 = Release|Any CPU
		{F6605AE6-3109-43CB-BE2C-2645A6384C2E}.Release|ARM.ActiveCfg = Release|Any CPU
		{F6605AE6-3109-43CB-BE2C-2645A6384C2E}.Release|ARM.Build.0 = Release|Any CPU
		{F6605AE6-3109-43CB-BE2C-2645A6384C2E}.Release|iPhone.ActiveCfg = Release|Any CPU
		{F6605AE6-3109-43CB-BE2C-2645A6384C2E}.Release|iPhone.Build.0 = Release|Any CPU
		{F6605AE6-3109-43CB-BE2C-2645A6384C2E}.Release|iPhoneSimulator.ActiveCfg = Release|Any CPU
		{F6605AE6-3109-43CB-BE2C-2645A6384C2E}.Release|iPhoneSimulator.Build.0 = Release|Any CPU
		{F6605AE6-3109-43CB-BE2C-2645A6384C2E}.Release|x64.ActiveCfg = Release|Any CPU
		{F6605AE6-3109-43CB-BE2C-2645A6384C2E}.Release|x64.Build.0 = Release|Any CPU
		{F6605AE6-3109-43CB-BE2C-2645A6384C2E}.Release|x86.ActiveCfg = Release|Any CPU
		{F6605AE6-3109-43CB-BE2C-2645A6384C2E}.Release|x86.Build.0 = Release|Any CPU
		{8F4F82E7-4438-4DFD-8161-5051C2CB5C58}.Ad-Hoc|Any CPU.ActiveCfg = Release|Any CPU
		{8F4F82E7-4438-4DFD-8161-5051C2CB5C58}.Ad-Hoc|Any CPU.Build.0 = Release|Any CPU
		{8F4F82E7-4438-4DFD-8161-5051C2CB5C58}.Ad-Hoc|ARM.ActiveCfg = Release|Any CPU
		{8F4F82E7-4438-4DFD-8161-5051C2CB5C58}.Ad-Hoc|ARM.Build.0 = Release|Any CPU
		{8F4F82E7-4438-4DFD-8161-5051C2CB5C58}.Ad-Hoc|iPhone.ActiveCfg = Release|Any CPU
		{8F4F82E7-4438-4DFD-8161-5051C2CB5C58}.Ad-Hoc|iPhone.Build.0 = Release|Any CPU
		{8F4F82E7-4438-4DFD-8161-5051C2CB5C58}.Ad-Hoc|iPhoneSimulator.ActiveCfg = Release|Any CPU
		{8F4F82E7-4438-4DFD-8161-5051C2CB5C58}.Ad-Hoc|iPhoneSimulator.Build.0 = Release|Any CPU
		{8F4F82E7-4438-4DFD-8161-5051C2CB5C58}.Ad-Hoc|x64.ActiveCfg = Release|Any CPU
		{8F4F82E7-4438-4DFD-8161-5051C2CB5C58}.Ad-Hoc|x64.Build.0 = Release|Any CPU
		{8F4F82E7-4438-4DFD-8161-5051C2CB5C58}.Ad-Hoc|x86.ActiveCfg = Release|Any CPU
		{8F4F82E7-4438-4DFD-8161-5051C2CB5C58}.Ad-Hoc|x86.Build.0 = Release|Any CPU
		{8F4F82E7-4438-4DFD-8161-5051C2CB5C58}.AppStore|Any CPU.ActiveCfg = Release|Any CPU
		{8F4F82E7-4438-4DFD-8161-5051C2CB5C58}.AppStore|Any CPU.Build.0 = Release|Any CPU
		{8F4F82E7-4438-4DFD-8161-5051C2CB5C58}.AppStore|ARM.ActiveCfg = Release|Any CPU
		{8F4F82E7-4438-4DFD-8161-5051C2CB5C58}.AppStore|ARM.Build.0 = Release|Any CPU
		{8F4F82E7-4438-4DFD-8161-5051C2CB5C58}.AppStore|iPhone.ActiveCfg = Release|Any CPU
		{8F4F82E7-4438-4DFD-8161-5051C2CB5C58}.AppStore|iPhone.Build.0 = Release|Any CPU
		{8F4F82E7-4438-4DFD-8161-5051C2CB5C58}.AppStore|iPhoneSimulator.ActiveCfg = Release|Any CPU
		{8F4F82E7-4438-4DFD-8161-5051C2CB5C58}.AppStore|iPhoneSimulator.Build.0 = Release|Any CPU
		{8F4F82E7-4438-4DFD-8161-5051C2CB5C58}.AppStore|x64.ActiveCfg = Release|Any CPU
		{8F4F82E7-4438-4DFD-8161-5051C2CB5C58}.AppStore|x64.Build.0 = Release|Any CPU
		{8F4F82E7-4438-4DFD-8161-5051C2CB5C58}.AppStore|x86.ActiveCfg = Release|Any CPU
		{8F4F82E7-4438-4DFD-8161-5051C2CB5C58}.AppStore|x86.Build.0 = Release|Any CPU
		{8F4F82E7-4438-4DFD-8161-5051C2CB5C58}.Debug|Any CPU.ActiveCfg = Debug|Any CPU
		{8F4F82E7-4438-4DFD-8161-5051C2CB5C58}.Debug|Any CPU.Build.0 = Debug|Any CPU
		{8F4F82E7-4438-4DFD-8161-5051C2CB5C58}.Debug|ARM.ActiveCfg = Debug|Any CPU
		{8F4F82E7-4438-4DFD-8161-5051C2CB5C58}.Debug|ARM.Build.0 = Debug|Any CPU
		{8F4F82E7-4438-4DFD-8161-5051C2CB5C58}.Debug|iPhone.ActiveCfg = Debug|Any CPU
		{8F4F82E7-4438-4DFD-8161-5051C2CB5C58}.Debug|iPhone.Build.0 = Debug|Any CPU
		{8F4F82E7-4438-4DFD-8161-5051C2CB5C58}.Debug|iPhoneSimulator.ActiveCfg = Debug|Any CPU
		{8F4F82E7-4438-4DFD-8161-5051C2CB5C58}.Debug|iPhoneSimulator.Build.0 = Debug|Any CPU
		{8F4F82E7-4438-4DFD-8161-5051C2CB5C58}.Debug|x64.ActiveCfg = Debug|Any CPU
		{8F4F82E7-4438-4DFD-8161-5051C2CB5C58}.Debug|x64.Build.0 = Debug|Any CPU
		{8F4F82E7-4438-4DFD-8161-5051C2CB5C58}.Debug|x86.ActiveCfg = Debug|Any CPU
		{8F4F82E7-4438-4DFD-8161-5051C2CB5C58}.Debug|x86.Build.0 = Debug|Any CPU
		{8F4F82E7-4438-4DFD-8161-5051C2CB5C58}.Release|Any CPU.ActiveCfg = Release|Any CPU
		{8F4F82E7-4438-4DFD-8161-5051C2CB5C58}.Release|Any CPU.Build.0 = Release|Any CPU
		{8F4F82E7-4438-4DFD-8161-5051C2CB5C58}.Release|ARM.ActiveCfg = Release|Any CPU
		{8F4F82E7-4438-4DFD-8161-5051C2CB5C58}.Release|ARM.Build.0 = Release|Any CPU
		{8F4F82E7-4438-4DFD-8161-5051C2CB5C58}.Release|iPhone.ActiveCfg = Release|Any CPU
		{8F4F82E7-4438-4DFD-8161-5051C2CB5C58}.Release|iPhone.Build.0 = Release|Any CPU
		{8F4F82E7-4438-4DFD-8161-5051C2CB5C58}.Release|iPhoneSimulator.ActiveCfg = Release|Any CPU
		{8F4F82E7-4438-4DFD-8161-5051C2CB5C58}.Release|iPhoneSimulator.Build.0 = Release|Any CPU
		{8F4F82E7-4438-4DFD-8161-5051C2CB5C58}.Release|x64.ActiveCfg = Release|Any CPU
		{8F4F82E7-4438-4DFD-8161-5051C2CB5C58}.Release|x64.Build.0 = Release|Any CPU
		{8F4F82E7-4438-4DFD-8161-5051C2CB5C58}.Release|x86.ActiveCfg = Release|Any CPU
		{8F4F82E7-4438-4DFD-8161-5051C2CB5C58}.Release|x86.Build.0 = Release|Any CPU
		{AB04D04D-2015-4A6A-BE49-3BEF6B775040}.Ad-Hoc|Any CPU.ActiveCfg = Debug|Any CPU
		{AB04D04D-2015-4A6A-BE49-3BEF6B775040}.Ad-Hoc|Any CPU.Build.0 = Debug|Any CPU
		{AB04D04D-2015-4A6A-BE49-3BEF6B775040}.Ad-Hoc|ARM.ActiveCfg = Debug|Any CPU
		{AB04D04D-2015-4A6A-BE49-3BEF6B775040}.Ad-Hoc|ARM.Build.0 = Debug|Any CPU
		{AB04D04D-2015-4A6A-BE49-3BEF6B775040}.Ad-Hoc|iPhone.ActiveCfg = Debug|Any CPU
		{AB04D04D-2015-4A6A-BE49-3BEF6B775040}.Ad-Hoc|iPhone.Build.0 = Debug|Any CPU
		{AB04D04D-2015-4A6A-BE49-3BEF6B775040}.Ad-Hoc|iPhoneSimulator.ActiveCfg = Debug|Any CPU
		{AB04D04D-2015-4A6A-BE49-3BEF6B775040}.Ad-Hoc|iPhoneSimulator.Build.0 = Debug|Any CPU
		{AB04D04D-2015-4A6A-BE49-3BEF6B775040}.Ad-Hoc|x64.ActiveCfg = Debug|Any CPU
		{AB04D04D-2015-4A6A-BE49-3BEF6B775040}.Ad-Hoc|x64.Build.0 = Debug|Any CPU
		{AB04D04D-2015-4A6A-BE49-3BEF6B775040}.Ad-Hoc|x86.ActiveCfg = Debug|Any CPU
		{AB04D04D-2015-4A6A-BE49-3BEF6B775040}.Ad-Hoc|x86.Build.0 = Debug|Any CPU
		{AB04D04D-2015-4A6A-BE49-3BEF6B775040}.AppStore|Any CPU.ActiveCfg = Debug|Any CPU
		{AB04D04D-2015-4A6A-BE49-3BEF6B775040}.AppStore|Any CPU.Build.0 = Debug|Any CPU
		{AB04D04D-2015-4A6A-BE49-3BEF6B775040}.AppStore|ARM.ActiveCfg = Debug|Any CPU
		{AB04D04D-2015-4A6A-BE49-3BEF6B775040}.AppStore|ARM.Build.0 = Debug|Any CPU
		{AB04D04D-2015-4A6A-BE49-3BEF6B775040}.AppStore|iPhone.ActiveCfg = Debug|Any CPU
		{AB04D04D-2015-4A6A-BE49-3BEF6B775040}.AppStore|iPhone.Build.0 = Debug|Any CPU
		{AB04D04D-2015-4A6A-BE49-3BEF6B775040}.AppStore|iPhoneSimulator.ActiveCfg = Debug|Any CPU
		{AB04D04D-2015-4A6A-BE49-3BEF6B775040}.AppStore|iPhoneSimulator.Build.0 = Debug|Any CPU
		{AB04D04D-2015-4A6A-BE49-3BEF6B775040}.AppStore|x64.ActiveCfg = Debug|Any CPU
		{AB04D04D-2015-4A6A-BE49-3BEF6B775040}.AppStore|x64.Build.0 = Debug|Any CPU
		{AB04D04D-2015-4A6A-BE49-3BEF6B775040}.AppStore|x86.ActiveCfg = Debug|Any CPU
		{AB04D04D-2015-4A6A-BE49-3BEF6B775040}.AppStore|x86.Build.0 = Debug|Any CPU
		{AB04D04D-2015-4A6A-BE49-3BEF6B775040}.Debug|Any CPU.ActiveCfg = Debug|Any CPU
		{AB04D04D-2015-4A6A-BE49-3BEF6B775040}.Debug|Any CPU.Build.0 = Debug|Any CPU
		{AB04D04D-2015-4A6A-BE49-3BEF6B775040}.Debug|ARM.ActiveCfg = Debug|Any CPU
		{AB04D04D-2015-4A6A-BE49-3BEF6B775040}.Debug|ARM.Build.0 = Debug|Any CPU
		{AB04D04D-2015-4A6A-BE49-3BEF6B775040}.Debug|iPhone.ActiveCfg = Debug|Any CPU
		{AB04D04D-2015-4A6A-BE49-3BEF6B775040}.Debug|iPhone.Build.0 = Debug|Any CPU
		{AB04D04D-2015-4A6A-BE49-3BEF6B775040}.Debug|iPhoneSimulator.ActiveCfg = Debug|Any CPU
		{AB04D04D-2015-4A6A-BE49-3BEF6B775040}.Debug|iPhoneSimulator.Build.0 = Debug|Any CPU
		{AB04D04D-2015-4A6A-BE49-3BEF6B775040}.Debug|x64.ActiveCfg = Debug|Any CPU
		{AB04D04D-2015-4A6A-BE49-3BEF6B775040}.Debug|x64.Build.0 = Debug|Any CPU
		{AB04D04D-2015-4A6A-BE49-3BEF6B775040}.Debug|x86.ActiveCfg = Debug|Any CPU
		{AB04D04D-2015-4A6A-BE49-3BEF6B775040}.Debug|x86.Build.0 = Debug|Any CPU
		{AB04D04D-2015-4A6A-BE49-3BEF6B775040}.Release|Any CPU.ActiveCfg = Release|Any CPU
		{AB04D04D-2015-4A6A-BE49-3BEF6B775040}.Release|Any CPU.Build.0 = Release|Any CPU
		{AB04D04D-2015-4A6A-BE49-3BEF6B775040}.Release|ARM.ActiveCfg = Release|Any CPU
		{AB04D04D-2015-4A6A-BE49-3BEF6B775040}.Release|ARM.Build.0 = Release|Any CPU
		{AB04D04D-2015-4A6A-BE49-3BEF6B775040}.Release|iPhone.ActiveCfg = Release|Any CPU
		{AB04D04D-2015-4A6A-BE49-3BEF6B775040}.Release|iPhone.Build.0 = Release|Any CPU
		{AB04D04D-2015-4A6A-BE49-3BEF6B775040}.Release|iPhoneSimulator.ActiveCfg = Release|Any CPU
		{AB04D04D-2015-4A6A-BE49-3BEF6B775040}.Release|iPhoneSimulator.Build.0 = Release|Any CPU
		{AB04D04D-2015-4A6A-BE49-3BEF6B775040}.Release|x64.ActiveCfg = Release|Any CPU
		{AB04D04D-2015-4A6A-BE49-3BEF6B775040}.Release|x64.Build.0 = Release|Any CPU
		{AB04D04D-2015-4A6A-BE49-3BEF6B775040}.Release|x86.ActiveCfg = Release|Any CPU
		{AB04D04D-2015-4A6A-BE49-3BEF6B775040}.Release|x86.Build.0 = Release|Any CPU
		{1C3FBB20-35A5-4E1B-A9C8-CC03AB0B1F19}.Ad-Hoc|Any CPU.ActiveCfg = Debug|Any CPU
		{1C3FBB20-35A5-4E1B-A9C8-CC03AB0B1F19}.Ad-Hoc|Any CPU.Build.0 = Debug|Any CPU
		{1C3FBB20-35A5-4E1B-A9C8-CC03AB0B1F19}.Ad-Hoc|ARM.ActiveCfg = Debug|Any CPU
		{1C3FBB20-35A5-4E1B-A9C8-CC03AB0B1F19}.Ad-Hoc|ARM.Build.0 = Debug|Any CPU
		{1C3FBB20-35A5-4E1B-A9C8-CC03AB0B1F19}.Ad-Hoc|iPhone.ActiveCfg = Debug|Any CPU
		{1C3FBB20-35A5-4E1B-A9C8-CC03AB0B1F19}.Ad-Hoc|iPhone.Build.0 = Debug|Any CPU
		{1C3FBB20-35A5-4E1B-A9C8-CC03AB0B1F19}.Ad-Hoc|iPhoneSimulator.ActiveCfg = Debug|Any CPU
		{1C3FBB20-35A5-4E1B-A9C8-CC03AB0B1F19}.Ad-Hoc|iPhoneSimulator.Build.0 = Debug|Any CPU
		{1C3FBB20-35A5-4E1B-A9C8-CC03AB0B1F19}.Ad-Hoc|x64.ActiveCfg = Debug|Any CPU
		{1C3FBB20-35A5-4E1B-A9C8-CC03AB0B1F19}.Ad-Hoc|x64.Build.0 = Debug|Any CPU
		{1C3FBB20-35A5-4E1B-A9C8-CC03AB0B1F19}.Ad-Hoc|x86.ActiveCfg = Debug|Any CPU
		{1C3FBB20-35A5-4E1B-A9C8-CC03AB0B1F19}.Ad-Hoc|x86.Build.0 = Debug|Any CPU
		{1C3FBB20-35A5-4E1B-A9C8-CC03AB0B1F19}.AppStore|Any CPU.ActiveCfg = Debug|Any CPU
		{1C3FBB20-35A5-4E1B-A9C8-CC03AB0B1F19}.AppStore|Any CPU.Build.0 = Debug|Any CPU
		{1C3FBB20-35A5-4E1B-A9C8-CC03AB0B1F19}.AppStore|ARM.ActiveCfg = Debug|Any CPU
		{1C3FBB20-35A5-4E1B-A9C8-CC03AB0B1F19}.AppStore|ARM.Build.0 = Debug|Any CPU
		{1C3FBB20-35A5-4E1B-A9C8-CC03AB0B1F19}.AppStore|iPhone.ActiveCfg = Debug|Any CPU
		{1C3FBB20-35A5-4E1B-A9C8-CC03AB0B1F19}.AppStore|iPhone.Build.0 = Debug|Any CPU
		{1C3FBB20-35A5-4E1B-A9C8-CC03AB0B1F19}.AppStore|iPhoneSimulator.ActiveCfg = Debug|Any CPU
		{1C3FBB20-35A5-4E1B-A9C8-CC03AB0B1F19}.AppStore|iPhoneSimulator.Build.0 = Debug|Any CPU
		{1C3FBB20-35A5-4E1B-A9C8-CC03AB0B1F19}.AppStore|x64.ActiveCfg = Debug|Any CPU
		{1C3FBB20-35A5-4E1B-A9C8-CC03AB0B1F19}.AppStore|x64.Build.0 = Debug|Any CPU
		{1C3FBB20-35A5-4E1B-A9C8-CC03AB0B1F19}.AppStore|x86.ActiveCfg = Debug|Any CPU
		{1C3FBB20-35A5-4E1B-A9C8-CC03AB0B1F19}.AppStore|x86.Build.0 = Debug|Any CPU
		{1C3FBB20-35A5-4E1B-A9C8-CC03AB0B1F19}.Debug|Any CPU.ActiveCfg = Debug|Any CPU
		{1C3FBB20-35A5-4E1B-A9C8-CC03AB0B1F19}.Debug|Any CPU.Build.0 = Debug|Any CPU
		{1C3FBB20-35A5-4E1B-A9C8-CC03AB0B1F19}.Debug|ARM.ActiveCfg = Debug|Any CPU
		{1C3FBB20-35A5-4E1B-A9C8-CC03AB0B1F19}.Debug|ARM.Build.0 = Debug|Any CPU
		{1C3FBB20-35A5-4E1B-A9C8-CC03AB0B1F19}.Debug|iPhone.ActiveCfg = Debug|Any CPU
		{1C3FBB20-35A5-4E1B-A9C8-CC03AB0B1F19}.Debug|iPhone.Build.0 = Debug|Any CPU
		{1C3FBB20-35A5-4E1B-A9C8-CC03AB0B1F19}.Debug|iPhoneSimulator.ActiveCfg = Debug|Any CPU
		{1C3FBB20-35A5-4E1B-A9C8-CC03AB0B1F19}.Debug|iPhoneSimulator.Build.0 = Debug|Any CPU
		{1C3FBB20-35A5-4E1B-A9C8-CC03AB0B1F19}.Debug|x64.ActiveCfg = Debug|Any CPU
		{1C3FBB20-35A5-4E1B-A9C8-CC03AB0B1F19}.Debug|x64.Build.0 = Debug|Any CPU
		{1C3FBB20-35A5-4E1B-A9C8-CC03AB0B1F19}.Debug|x86.ActiveCfg = Debug|Any CPU
		{1C3FBB20-35A5-4E1B-A9C8-CC03AB0B1F19}.Debug|x86.Build.0 = Debug|Any CPU
		{1C3FBB20-35A5-4E1B-A9C8-CC03AB0B1F19}.Release|Any CPU.ActiveCfg = Release|Any CPU
		{1C3FBB20-35A5-4E1B-A9C8-CC03AB0B1F19}.Release|Any CPU.Build.0 = Release|Any CPU
		{1C3FBB20-35A5-4E1B-A9C8-CC03AB0B1F19}.Release|ARM.ActiveCfg = Release|Any CPU
		{1C3FBB20-35A5-4E1B-A9C8-CC03AB0B1F19}.Release|ARM.Build.0 = Release|Any CPU
		{1C3FBB20-35A5-4E1B-A9C8-CC03AB0B1F19}.Release|iPhone.ActiveCfg = Release|Any CPU
		{1C3FBB20-35A5-4E1B-A9C8-CC03AB0B1F19}.Release|iPhone.Build.0 = Release|Any CPU
		{1C3FBB20-35A5-4E1B-A9C8-CC03AB0B1F19}.Release|iPhoneSimulator.ActiveCfg = Release|Any CPU
		{1C3FBB20-35A5-4E1B-A9C8-CC03AB0B1F19}.Release|iPhoneSimulator.Build.0 = Release|Any CPU
		{1C3FBB20-35A5-4E1B-A9C8-CC03AB0B1F19}.Release|x64.ActiveCfg = Release|Any CPU
		{1C3FBB20-35A5-4E1B-A9C8-CC03AB0B1F19}.Release|x64.Build.0 = Release|Any CPU
		{1C3FBB20-35A5-4E1B-A9C8-CC03AB0B1F19}.Release|x86.ActiveCfg = Release|Any CPU
		{1C3FBB20-35A5-4E1B-A9C8-CC03AB0B1F19}.Release|x86.Build.0 = Release|Any CPU
		{05BB8D71-7714-44B2-8C96-9D3A406E202D}.Ad-Hoc|Any CPU.ActiveCfg = Release|Any CPU
		{05BB8D71-7714-44B2-8C96-9D3A406E202D}.Ad-Hoc|Any CPU.Build.0 = Release|Any CPU
		{05BB8D71-7714-44B2-8C96-9D3A406E202D}.Ad-Hoc|Any CPU.Deploy.0 = Release|Any CPU
		{05BB8D71-7714-44B2-8C96-9D3A406E202D}.Ad-Hoc|ARM.ActiveCfg = Release|Any CPU
		{05BB8D71-7714-44B2-8C96-9D3A406E202D}.Ad-Hoc|ARM.Build.0 = Release|Any CPU
		{05BB8D71-7714-44B2-8C96-9D3A406E202D}.Ad-Hoc|ARM.Deploy.0 = Release|Any CPU
		{05BB8D71-7714-44B2-8C96-9D3A406E202D}.Ad-Hoc|iPhone.ActiveCfg = Release|Any CPU
		{05BB8D71-7714-44B2-8C96-9D3A406E202D}.Ad-Hoc|iPhone.Build.0 = Release|Any CPU
		{05BB8D71-7714-44B2-8C96-9D3A406E202D}.Ad-Hoc|iPhone.Deploy.0 = Release|Any CPU
		{05BB8D71-7714-44B2-8C96-9D3A406E202D}.Ad-Hoc|iPhoneSimulator.ActiveCfg = Release|Any CPU
		{05BB8D71-7714-44B2-8C96-9D3A406E202D}.Ad-Hoc|iPhoneSimulator.Build.0 = Release|Any CPU
		{05BB8D71-7714-44B2-8C96-9D3A406E202D}.Ad-Hoc|iPhoneSimulator.Deploy.0 = Release|Any CPU
		{05BB8D71-7714-44B2-8C96-9D3A406E202D}.Ad-Hoc|x64.ActiveCfg = Release|Any CPU
		{05BB8D71-7714-44B2-8C96-9D3A406E202D}.Ad-Hoc|x64.Build.0 = Release|Any CPU
		{05BB8D71-7714-44B2-8C96-9D3A406E202D}.Ad-Hoc|x64.Deploy.0 = Release|Any CPU
		{05BB8D71-7714-44B2-8C96-9D3A406E202D}.Ad-Hoc|x86.ActiveCfg = Release|Any CPU
		{05BB8D71-7714-44B2-8C96-9D3A406E202D}.Ad-Hoc|x86.Build.0 = Release|Any CPU
		{05BB8D71-7714-44B2-8C96-9D3A406E202D}.Ad-Hoc|x86.Deploy.0 = Release|Any CPU
		{05BB8D71-7714-44B2-8C96-9D3A406E202D}.AppStore|Any CPU.ActiveCfg = Release|Any CPU
		{05BB8D71-7714-44B2-8C96-9D3A406E202D}.AppStore|Any CPU.Build.0 = Release|Any CPU
		{05BB8D71-7714-44B2-8C96-9D3A406E202D}.AppStore|Any CPU.Deploy.0 = Release|Any CPU
		{05BB8D71-7714-44B2-8C96-9D3A406E202D}.AppStore|ARM.ActiveCfg = Release|Any CPU
		{05BB8D71-7714-44B2-8C96-9D3A406E202D}.AppStore|ARM.Build.0 = Release|Any CPU
		{05BB8D71-7714-44B2-8C96-9D3A406E202D}.AppStore|ARM.Deploy.0 = Release|Any CPU
		{05BB8D71-7714-44B2-8C96-9D3A406E202D}.AppStore|iPhone.ActiveCfg = Release|Any CPU
		{05BB8D71-7714-44B2-8C96-9D3A406E202D}.AppStore|iPhone.Build.0 = Release|Any CPU
		{05BB8D71-7714-44B2-8C96-9D3A406E202D}.AppStore|iPhone.Deploy.0 = Release|Any CPU
		{05BB8D71-7714-44B2-8C96-9D3A406E202D}.AppStore|iPhoneSimulator.ActiveCfg = Release|Any CPU
		{05BB8D71-7714-44B2-8C96-9D3A406E202D}.AppStore|iPhoneSimulator.Build.0 = Release|Any CPU
		{05BB8D71-7714-44B2-8C96-9D3A406E202D}.AppStore|iPhoneSimulator.Deploy.0 = Release|Any CPU
		{05BB8D71-7714-44B2-8C96-9D3A406E202D}.AppStore|x64.ActiveCfg = Release|Any CPU
		{05BB8D71-7714-44B2-8C96-9D3A406E202D}.AppStore|x64.Build.0 = Release|Any CPU
		{05BB8D71-7714-44B2-8C96-9D3A406E202D}.AppStore|x64.Deploy.0 = Release|Any CPU
		{05BB8D71-7714-44B2-8C96-9D3A406E202D}.AppStore|x86.ActiveCfg = Release|Any CPU
		{05BB8D71-7714-44B2-8C96-9D3A406E202D}.AppStore|x86.Build.0 = Release|Any CPU
		{05BB8D71-7714-44B2-8C96-9D3A406E202D}.AppStore|x86.Deploy.0 = Release|Any CPU
		{05BB8D71-7714-44B2-8C96-9D3A406E202D}.Debug|Any CPU.ActiveCfg = Debug|Any CPU
		{05BB8D71-7714-44B2-8C96-9D3A406E202D}.Debug|Any CPU.Build.0 = Debug|Any CPU
		{05BB8D71-7714-44B2-8C96-9D3A406E202D}.Debug|Any CPU.Deploy.0 = Debug|Any CPU
		{05BB8D71-7714-44B2-8C96-9D3A406E202D}.Debug|ARM.ActiveCfg = Debug|Any CPU
		{05BB8D71-7714-44B2-8C96-9D3A406E202D}.Debug|ARM.Build.0 = Debug|Any CPU
		{05BB8D71-7714-44B2-8C96-9D3A406E202D}.Debug|ARM.Deploy.0 = Debug|Any CPU
		{05BB8D71-7714-44B2-8C96-9D3A406E202D}.Debug|iPhone.ActiveCfg = Debug|Any CPU
		{05BB8D71-7714-44B2-8C96-9D3A406E202D}.Debug|iPhone.Build.0 = Debug|Any CPU
		{05BB8D71-7714-44B2-8C96-9D3A406E202D}.Debug|iPhone.Deploy.0 = Debug|Any CPU
		{05BB8D71-7714-44B2-8C96-9D3A406E202D}.Debug|iPhoneSimulator.ActiveCfg = Debug|Any CPU
		{05BB8D71-7714-44B2-8C96-9D3A406E202D}.Debug|iPhoneSimulator.Build.0 = Debug|Any CPU
		{05BB8D71-7714-44B2-8C96-9D3A406E202D}.Debug|iPhoneSimulator.Deploy.0 = Debug|Any CPU
		{05BB8D71-7714-44B2-8C96-9D3A406E202D}.Debug|x64.ActiveCfg = Debug|Any CPU
		{05BB8D71-7714-44B2-8C96-9D3A406E202D}.Debug|x64.Build.0 = Debug|Any CPU
		{05BB8D71-7714-44B2-8C96-9D3A406E202D}.Debug|x64.Deploy.0 = Debug|Any CPU
		{05BB8D71-7714-44B2-8C96-9D3A406E202D}.Debug|x86.ActiveCfg = Debug|Any CPU
		{05BB8D71-7714-44B2-8C96-9D3A406E202D}.Debug|x86.Build.0 = Debug|Any CPU
		{05BB8D71-7714-44B2-8C96-9D3A406E202D}.Debug|x86.Deploy.0 = Debug|Any CPU
		{05BB8D71-7714-44B2-8C96-9D3A406E202D}.Release|Any CPU.ActiveCfg = Release|Any CPU
		{05BB8D71-7714-44B2-8C96-9D3A406E202D}.Release|Any CPU.Build.0 = Release|Any CPU
		{05BB8D71-7714-44B2-8C96-9D3A406E202D}.Release|Any CPU.Deploy.0 = Release|Any CPU
		{05BB8D71-7714-44B2-8C96-9D3A406E202D}.Release|ARM.ActiveCfg = Release|Any CPU
		{05BB8D71-7714-44B2-8C96-9D3A406E202D}.Release|ARM.Build.0 = Release|Any CPU
		{05BB8D71-7714-44B2-8C96-9D3A406E202D}.Release|ARM.Deploy.0 = Release|Any CPU
		{05BB8D71-7714-44B2-8C96-9D3A406E202D}.Release|iPhone.ActiveCfg = Release|Any CPU
		{05BB8D71-7714-44B2-8C96-9D3A406E202D}.Release|iPhone.Build.0 = Release|Any CPU
		{05BB8D71-7714-44B2-8C96-9D3A406E202D}.Release|iPhone.Deploy.0 = Release|Any CPU
		{05BB8D71-7714-44B2-8C96-9D3A406E202D}.Release|iPhoneSimulator.ActiveCfg = Release|Any CPU
		{05BB8D71-7714-44B2-8C96-9D3A406E202D}.Release|iPhoneSimulator.Build.0 = Release|Any CPU
		{05BB8D71-7714-44B2-8C96-9D3A406E202D}.Release|iPhoneSimulator.Deploy.0 = Release|Any CPU
		{05BB8D71-7714-44B2-8C96-9D3A406E202D}.Release|x64.ActiveCfg = Release|Any CPU
		{05BB8D71-7714-44B2-8C96-9D3A406E202D}.Release|x64.Build.0 = Release|Any CPU
		{05BB8D71-7714-44B2-8C96-9D3A406E202D}.Release|x64.Deploy.0 = Release|Any CPU
		{05BB8D71-7714-44B2-8C96-9D3A406E202D}.Release|x86.ActiveCfg = Release|Any CPU
		{05BB8D71-7714-44B2-8C96-9D3A406E202D}.Release|x86.Build.0 = Release|Any CPU
		{05BB8D71-7714-44B2-8C96-9D3A406E202D}.Release|x86.Deploy.0 = Release|Any CPU
		{45D65FE3-C971-4FB9-9842-B16140E106BB}.Ad-Hoc|Any CPU.ActiveCfg = Ad-Hoc|iPhone
		{45D65FE3-C971-4FB9-9842-B16140E106BB}.Ad-Hoc|ARM.ActiveCfg = Ad-Hoc|iPhone
		{45D65FE3-C971-4FB9-9842-B16140E106BB}.Ad-Hoc|iPhone.ActiveCfg = Ad-Hoc|iPhone
		{45D65FE3-C971-4FB9-9842-B16140E106BB}.Ad-Hoc|iPhone.Build.0 = Ad-Hoc|iPhone
		{45D65FE3-C971-4FB9-9842-B16140E106BB}.Ad-Hoc|iPhoneSimulator.ActiveCfg = Ad-Hoc|iPhoneSimulator
		{45D65FE3-C971-4FB9-9842-B16140E106BB}.Ad-Hoc|iPhoneSimulator.Build.0 = Ad-Hoc|iPhoneSimulator
		{45D65FE3-C971-4FB9-9842-B16140E106BB}.Ad-Hoc|x64.ActiveCfg = Ad-Hoc|iPhone
		{45D65FE3-C971-4FB9-9842-B16140E106BB}.Ad-Hoc|x86.ActiveCfg = Ad-Hoc|iPhone
		{45D65FE3-C971-4FB9-9842-B16140E106BB}.AppStore|Any CPU.ActiveCfg = AppStore|iPhone
		{45D65FE3-C971-4FB9-9842-B16140E106BB}.AppStore|ARM.ActiveCfg = AppStore|iPhone
		{45D65FE3-C971-4FB9-9842-B16140E106BB}.AppStore|iPhone.ActiveCfg = AppStore|iPhone
		{45D65FE3-C971-4FB9-9842-B16140E106BB}.AppStore|iPhone.Build.0 = AppStore|iPhone
		{45D65FE3-C971-4FB9-9842-B16140E106BB}.AppStore|iPhoneSimulator.ActiveCfg = AppStore|iPhoneSimulator
		{45D65FE3-C971-4FB9-9842-B16140E106BB}.AppStore|iPhoneSimulator.Build.0 = AppStore|iPhoneSimulator
		{45D65FE3-C971-4FB9-9842-B16140E106BB}.AppStore|x64.ActiveCfg = AppStore|iPhone
		{45D65FE3-C971-4FB9-9842-B16140E106BB}.AppStore|x86.ActiveCfg = AppStore|iPhone
		{45D65FE3-C971-4FB9-9842-B16140E106BB}.Debug|Any CPU.ActiveCfg = Debug|iPhone
		{45D65FE3-C971-4FB9-9842-B16140E106BB}.Debug|ARM.ActiveCfg = Debug|iPhone
		{45D65FE3-C971-4FB9-9842-B16140E106BB}.Debug|iPhone.ActiveCfg = Debug|iPhone
		{45D65FE3-C971-4FB9-9842-B16140E106BB}.Debug|iPhone.Build.0 = Debug|iPhone
		{45D65FE3-C971-4FB9-9842-B16140E106BB}.Debug|iPhoneSimulator.ActiveCfg = Debug|iPhoneSimulator
		{45D65FE3-C971-4FB9-9842-B16140E106BB}.Debug|iPhoneSimulator.Build.0 = Debug|iPhoneSimulator
		{45D65FE3-C971-4FB9-9842-B16140E106BB}.Debug|x64.ActiveCfg = Debug|iPhone
		{45D65FE3-C971-4FB9-9842-B16140E106BB}.Debug|x86.ActiveCfg = Debug|iPhone
		{45D65FE3-C971-4FB9-9842-B16140E106BB}.Release|Any CPU.ActiveCfg = Release|iPhone
		{45D65FE3-C971-4FB9-9842-B16140E106BB}.Release|ARM.ActiveCfg = Release|iPhone
		{45D65FE3-C971-4FB9-9842-B16140E106BB}.Release|iPhone.ActiveCfg = Release|iPhone
		{45D65FE3-C971-4FB9-9842-B16140E106BB}.Release|iPhone.Build.0 = Release|iPhone
		{45D65FE3-C971-4FB9-9842-B16140E106BB}.Release|iPhoneSimulator.ActiveCfg = Release|iPhoneSimulator
		{45D65FE3-C971-4FB9-9842-B16140E106BB}.Release|iPhoneSimulator.Build.0 = Release|iPhoneSimulator
		{45D65FE3-C971-4FB9-9842-B16140E106BB}.Release|x64.ActiveCfg = Release|iPhone
		{45D65FE3-C971-4FB9-9842-B16140E106BB}.Release|x86.ActiveCfg = Release|iPhone
		{D5A23ADA-7537-41ED-BCBB-305C6EB309A0}.Ad-Hoc|Any CPU.ActiveCfg = Debug|Any CPU
		{D5A23ADA-7537-41ED-BCBB-305C6EB309A0}.Ad-Hoc|Any CPU.Build.0 = Debug|Any CPU
		{D5A23ADA-7537-41ED-BCBB-305C6EB309A0}.Ad-Hoc|ARM.ActiveCfg = Debug|Any CPU
		{D5A23ADA-7537-41ED-BCBB-305C6EB309A0}.Ad-Hoc|ARM.Build.0 = Debug|Any CPU
		{D5A23ADA-7537-41ED-BCBB-305C6EB309A0}.Ad-Hoc|iPhone.ActiveCfg = Debug|Any CPU
		{D5A23ADA-7537-41ED-BCBB-305C6EB309A0}.Ad-Hoc|iPhone.Build.0 = Debug|Any CPU
		{D5A23ADA-7537-41ED-BCBB-305C6EB309A0}.Ad-Hoc|iPhoneSimulator.ActiveCfg = Debug|Any CPU
		{D5A23ADA-7537-41ED-BCBB-305C6EB309A0}.Ad-Hoc|iPhoneSimulator.Build.0 = Debug|Any CPU
		{D5A23ADA-7537-41ED-BCBB-305C6EB309A0}.Ad-Hoc|x64.ActiveCfg = Debug|Any CPU
		{D5A23ADA-7537-41ED-BCBB-305C6EB309A0}.Ad-Hoc|x64.Build.0 = Debug|Any CPU
		{D5A23ADA-7537-41ED-BCBB-305C6EB309A0}.Ad-Hoc|x86.ActiveCfg = Debug|Any CPU
		{D5A23ADA-7537-41ED-BCBB-305C6EB309A0}.Ad-Hoc|x86.Build.0 = Debug|Any CPU
		{D5A23ADA-7537-41ED-BCBB-305C6EB309A0}.AppStore|Any CPU.ActiveCfg = Debug|Any CPU
		{D5A23ADA-7537-41ED-BCBB-305C6EB309A0}.AppStore|Any CPU.Build.0 = Debug|Any CPU
		{D5A23ADA-7537-41ED-BCBB-305C6EB309A0}.AppStore|ARM.ActiveCfg = Debug|Any CPU
		{D5A23ADA-7537-41ED-BCBB-305C6EB309A0}.AppStore|ARM.Build.0 = Debug|Any CPU
		{D5A23ADA-7537-41ED-BCBB-305C6EB309A0}.AppStore|iPhone.ActiveCfg = Debug|Any CPU
		{D5A23ADA-7537-41ED-BCBB-305C6EB309A0}.AppStore|iPhone.Build.0 = Debug|Any CPU
		{D5A23ADA-7537-41ED-BCBB-305C6EB309A0}.AppStore|iPhoneSimulator.ActiveCfg = Debug|Any CPU
		{D5A23ADA-7537-41ED-BCBB-305C6EB309A0}.AppStore|iPhoneSimulator.Build.0 = Debug|Any CPU
		{D5A23ADA-7537-41ED-BCBB-305C6EB309A0}.AppStore|x64.ActiveCfg = Debug|Any CPU
		{D5A23ADA-7537-41ED-BCBB-305C6EB309A0}.AppStore|x64.Build.0 = Debug|Any CPU
		{D5A23ADA-7537-41ED-BCBB-305C6EB309A0}.AppStore|x86.ActiveCfg = Debug|Any CPU
		{D5A23ADA-7537-41ED-BCBB-305C6EB309A0}.AppStore|x86.Build.0 = Debug|Any CPU
		{D5A23ADA-7537-41ED-BCBB-305C6EB309A0}.Debug|Any CPU.ActiveCfg = Debug|Any CPU
		{D5A23ADA-7537-41ED-BCBB-305C6EB309A0}.Debug|Any CPU.Build.0 = Debug|Any CPU
		{D5A23ADA-7537-41ED-BCBB-305C6EB309A0}.Debug|ARM.ActiveCfg = Debug|Any CPU
		{D5A23ADA-7537-41ED-BCBB-305C6EB309A0}.Debug|ARM.Build.0 = Debug|Any CPU
		{D5A23ADA-7537-41ED-BCBB-305C6EB309A0}.Debug|iPhone.ActiveCfg = Debug|Any CPU
		{D5A23ADA-7537-41ED-BCBB-305C6EB309A0}.Debug|iPhone.Build.0 = Debug|Any CPU
		{D5A23ADA-7537-41ED-BCBB-305C6EB309A0}.Debug|iPhoneSimulator.ActiveCfg = Debug|Any CPU
		{D5A23ADA-7537-41ED-BCBB-305C6EB309A0}.Debug|iPhoneSimulator.Build.0 = Debug|Any CPU
		{D5A23ADA-7537-41ED-BCBB-305C6EB309A0}.Debug|x64.ActiveCfg = Debug|Any CPU
		{D5A23ADA-7537-41ED-BCBB-305C6EB309A0}.Debug|x64.Build.0 = Debug|Any CPU
		{D5A23ADA-7537-41ED-BCBB-305C6EB309A0}.Debug|x86.ActiveCfg = Debug|Any CPU
		{D5A23ADA-7537-41ED-BCBB-305C6EB309A0}.Debug|x86.Build.0 = Debug|Any CPU
		{D5A23ADA-7537-41ED-BCBB-305C6EB309A0}.Release|Any CPU.ActiveCfg = Release|Any CPU
		{D5A23ADA-7537-41ED-BCBB-305C6EB309A0}.Release|Any CPU.Build.0 = Release|Any CPU
		{D5A23ADA-7537-41ED-BCBB-305C6EB309A0}.Release|ARM.ActiveCfg = Release|Any CPU
		{D5A23ADA-7537-41ED-BCBB-305C6EB309A0}.Release|ARM.Build.0 = Release|Any CPU
		{D5A23ADA-7537-41ED-BCBB-305C6EB309A0}.Release|iPhone.ActiveCfg = Release|Any CPU
		{D5A23ADA-7537-41ED-BCBB-305C6EB309A0}.Release|iPhone.Build.0 = Release|Any CPU
		{D5A23ADA-7537-41ED-BCBB-305C6EB309A0}.Release|iPhoneSimulator.ActiveCfg = Release|Any CPU
		{D5A23ADA-7537-41ED-BCBB-305C6EB309A0}.Release|iPhoneSimulator.Build.0 = Release|Any CPU
		{D5A23ADA-7537-41ED-BCBB-305C6EB309A0}.Release|x64.ActiveCfg = Release|Any CPU
		{D5A23ADA-7537-41ED-BCBB-305C6EB309A0}.Release|x64.Build.0 = Release|Any CPU
		{D5A23ADA-7537-41ED-BCBB-305C6EB309A0}.Release|x86.ActiveCfg = Release|Any CPU
		{D5A23ADA-7537-41ED-BCBB-305C6EB309A0}.Release|x86.Build.0 = Release|Any CPU
		{44709FF0-5D2F-4373-BE2D-C53476F47B1E}.Ad-Hoc|Any CPU.ActiveCfg = Debug|Any CPU
		{44709FF0-5D2F-4373-BE2D-C53476F47B1E}.Ad-Hoc|Any CPU.Build.0 = Debug|Any CPU
		{44709FF0-5D2F-4373-BE2D-C53476F47B1E}.Ad-Hoc|ARM.ActiveCfg = Debug|Any CPU
		{44709FF0-5D2F-4373-BE2D-C53476F47B1E}.Ad-Hoc|ARM.Build.0 = Debug|Any CPU
		{44709FF0-5D2F-4373-BE2D-C53476F47B1E}.Ad-Hoc|iPhone.ActiveCfg = Debug|Any CPU
		{44709FF0-5D2F-4373-BE2D-C53476F47B1E}.Ad-Hoc|iPhone.Build.0 = Debug|Any CPU
		{44709FF0-5D2F-4373-BE2D-C53476F47B1E}.Ad-Hoc|iPhoneSimulator.ActiveCfg = Debug|Any CPU
		{44709FF0-5D2F-4373-BE2D-C53476F47B1E}.Ad-Hoc|iPhoneSimulator.Build.0 = Debug|Any CPU
		{44709FF0-5D2F-4373-BE2D-C53476F47B1E}.Ad-Hoc|x64.ActiveCfg = Debug|Any CPU
		{44709FF0-5D2F-4373-BE2D-C53476F47B1E}.Ad-Hoc|x64.Build.0 = Debug|Any CPU
		{44709FF0-5D2F-4373-BE2D-C53476F47B1E}.Ad-Hoc|x86.ActiveCfg = Debug|Any CPU
		{44709FF0-5D2F-4373-BE2D-C53476F47B1E}.Ad-Hoc|x86.Build.0 = Debug|Any CPU
		{44709FF0-5D2F-4373-BE2D-C53476F47B1E}.AppStore|Any CPU.ActiveCfg = Debug|Any CPU
		{44709FF0-5D2F-4373-BE2D-C53476F47B1E}.AppStore|Any CPU.Build.0 = Debug|Any CPU
		{44709FF0-5D2F-4373-BE2D-C53476F47B1E}.AppStore|ARM.ActiveCfg = Debug|Any CPU
		{44709FF0-5D2F-4373-BE2D-C53476F47B1E}.AppStore|ARM.Build.0 = Debug|Any CPU
		{44709FF0-5D2F-4373-BE2D-C53476F47B1E}.AppStore|iPhone.ActiveCfg = Debug|Any CPU
		{44709FF0-5D2F-4373-BE2D-C53476F47B1E}.AppStore|iPhone.Build.0 = Debug|Any CPU
		{44709FF0-5D2F-4373-BE2D-C53476F47B1E}.AppStore|iPhoneSimulator.ActiveCfg = Debug|Any CPU
		{44709FF0-5D2F-4373-BE2D-C53476F47B1E}.AppStore|iPhoneSimulator.Build.0 = Debug|Any CPU
		{44709FF0-5D2F-4373-BE2D-C53476F47B1E}.AppStore|x64.ActiveCfg = Debug|Any CPU
		{44709FF0-5D2F-4373-BE2D-C53476F47B1E}.AppStore|x64.Build.0 = Debug|Any CPU
		{44709FF0-5D2F-4373-BE2D-C53476F47B1E}.AppStore|x86.ActiveCfg = Debug|Any CPU
		{44709FF0-5D2F-4373-BE2D-C53476F47B1E}.AppStore|x86.Build.0 = Debug|Any CPU
		{44709FF0-5D2F-4373-BE2D-C53476F47B1E}.Debug|Any CPU.ActiveCfg = Debug|Any CPU
		{44709FF0-5D2F-4373-BE2D-C53476F47B1E}.Debug|Any CPU.Build.0 = Debug|Any CPU
		{44709FF0-5D2F-4373-BE2D-C53476F47B1E}.Debug|ARM.ActiveCfg = Debug|Any CPU
		{44709FF0-5D2F-4373-BE2D-C53476F47B1E}.Debug|ARM.Build.0 = Debug|Any CPU
		{44709FF0-5D2F-4373-BE2D-C53476F47B1E}.Debug|iPhone.ActiveCfg = Debug|Any CPU
		{44709FF0-5D2F-4373-BE2D-C53476F47B1E}.Debug|iPhone.Build.0 = Debug|Any CPU
		{44709FF0-5D2F-4373-BE2D-C53476F47B1E}.Debug|iPhoneSimulator.ActiveCfg = Debug|Any CPU
		{44709FF0-5D2F-4373-BE2D-C53476F47B1E}.Debug|iPhoneSimulator.Build.0 = Debug|Any CPU
		{44709FF0-5D2F-4373-BE2D-C53476F47B1E}.Debug|x64.ActiveCfg = Debug|Any CPU
		{44709FF0-5D2F-4373-BE2D-C53476F47B1E}.Debug|x64.Build.0 = Debug|Any CPU
		{44709FF0-5D2F-4373-BE2D-C53476F47B1E}.Debug|x86.ActiveCfg = Debug|Any CPU
		{44709FF0-5D2F-4373-BE2D-C53476F47B1E}.Debug|x86.Build.0 = Debug|Any CPU
		{44709FF0-5D2F-4373-BE2D-C53476F47B1E}.Release|Any CPU.ActiveCfg = Release|Any CPU
		{44709FF0-5D2F-4373-BE2D-C53476F47B1E}.Release|Any CPU.Build.0 = Release|Any CPU
		{44709FF0-5D2F-4373-BE2D-C53476F47B1E}.Release|ARM.ActiveCfg = Release|Any CPU
		{44709FF0-5D2F-4373-BE2D-C53476F47B1E}.Release|ARM.Build.0 = Release|Any CPU
		{44709FF0-5D2F-4373-BE2D-C53476F47B1E}.Release|iPhone.ActiveCfg = Release|Any CPU
		{44709FF0-5D2F-4373-BE2D-C53476F47B1E}.Release|iPhone.Build.0 = Release|Any CPU
		{44709FF0-5D2F-4373-BE2D-C53476F47B1E}.Release|iPhoneSimulator.ActiveCfg = Release|Any CPU
		{44709FF0-5D2F-4373-BE2D-C53476F47B1E}.Release|iPhoneSimulator.Build.0 = Release|Any CPU
		{44709FF0-5D2F-4373-BE2D-C53476F47B1E}.Release|x64.ActiveCfg = Release|Any CPU
		{44709FF0-5D2F-4373-BE2D-C53476F47B1E}.Release|x64.Build.0 = Release|Any CPU
		{44709FF0-5D2F-4373-BE2D-C53476F47B1E}.Release|x86.ActiveCfg = Release|Any CPU
		{44709FF0-5D2F-4373-BE2D-C53476F47B1E}.Release|x86.Build.0 = Release|Any CPU
		{E6E61FFA-94B2-4330-A80D-05623221515A}.Ad-Hoc|Any CPU.ActiveCfg = Debug|Any CPU
		{E6E61FFA-94B2-4330-A80D-05623221515A}.Ad-Hoc|Any CPU.Build.0 = Debug|Any CPU
		{E6E61FFA-94B2-4330-A80D-05623221515A}.Ad-Hoc|ARM.ActiveCfg = Debug|Any CPU
		{E6E61FFA-94B2-4330-A80D-05623221515A}.Ad-Hoc|ARM.Build.0 = Debug|Any CPU
		{E6E61FFA-94B2-4330-A80D-05623221515A}.Ad-Hoc|iPhone.ActiveCfg = Debug|Any CPU
		{E6E61FFA-94B2-4330-A80D-05623221515A}.Ad-Hoc|iPhone.Build.0 = Debug|Any CPU
		{E6E61FFA-94B2-4330-A80D-05623221515A}.Ad-Hoc|iPhoneSimulator.ActiveCfg = Debug|Any CPU
		{E6E61FFA-94B2-4330-A80D-05623221515A}.Ad-Hoc|iPhoneSimulator.Build.0 = Debug|Any CPU
		{E6E61FFA-94B2-4330-A80D-05623221515A}.Ad-Hoc|x64.ActiveCfg = Debug|Any CPU
		{E6E61FFA-94B2-4330-A80D-05623221515A}.Ad-Hoc|x64.Build.0 = Debug|Any CPU
		{E6E61FFA-94B2-4330-A80D-05623221515A}.Ad-Hoc|x86.ActiveCfg = Debug|Any CPU
		{E6E61FFA-94B2-4330-A80D-05623221515A}.Ad-Hoc|x86.Build.0 = Debug|Any CPU
		{E6E61FFA-94B2-4330-A80D-05623221515A}.AppStore|Any CPU.ActiveCfg = Debug|Any CPU
		{E6E61FFA-94B2-4330-A80D-05623221515A}.AppStore|Any CPU.Build.0 = Debug|Any CPU
		{E6E61FFA-94B2-4330-A80D-05623221515A}.AppStore|ARM.ActiveCfg = Debug|Any CPU
		{E6E61FFA-94B2-4330-A80D-05623221515A}.AppStore|ARM.Build.0 = Debug|Any CPU
		{E6E61FFA-94B2-4330-A80D-05623221515A}.AppStore|iPhone.ActiveCfg = Debug|Any CPU
		{E6E61FFA-94B2-4330-A80D-05623221515A}.AppStore|iPhone.Build.0 = Debug|Any CPU
		{E6E61FFA-94B2-4330-A80D-05623221515A}.AppStore|iPhoneSimulator.ActiveCfg = Debug|Any CPU
		{E6E61FFA-94B2-4330-A80D-05623221515A}.AppStore|iPhoneSimulator.Build.0 = Debug|Any CPU
		{E6E61FFA-94B2-4330-A80D-05623221515A}.AppStore|x64.ActiveCfg = Debug|Any CPU
		{E6E61FFA-94B2-4330-A80D-05623221515A}.AppStore|x64.Build.0 = Debug|Any CPU
		{E6E61FFA-94B2-4330-A80D-05623221515A}.AppStore|x86.ActiveCfg = Debug|Any CPU
		{E6E61FFA-94B2-4330-A80D-05623221515A}.AppStore|x86.Build.0 = Debug|Any CPU
		{E6E61FFA-94B2-4330-A80D-05623221515A}.Debug|Any CPU.ActiveCfg = Debug|Any CPU
		{E6E61FFA-94B2-4330-A80D-05623221515A}.Debug|Any CPU.Build.0 = Debug|Any CPU
		{E6E61FFA-94B2-4330-A80D-05623221515A}.Debug|ARM.ActiveCfg = Debug|Any CPU
		{E6E61FFA-94B2-4330-A80D-05623221515A}.Debug|ARM.Build.0 = Debug|Any CPU
		{E6E61FFA-94B2-4330-A80D-05623221515A}.Debug|iPhone.ActiveCfg = Debug|Any CPU
		{E6E61FFA-94B2-4330-A80D-05623221515A}.Debug|iPhone.Build.0 = Debug|Any CPU
		{E6E61FFA-94B2-4330-A80D-05623221515A}.Debug|iPhoneSimulator.ActiveCfg = Debug|Any CPU
		{E6E61FFA-94B2-4330-A80D-05623221515A}.Debug|iPhoneSimulator.Build.0 = Debug|Any CPU
		{E6E61FFA-94B2-4330-A80D-05623221515A}.Debug|x64.ActiveCfg = Debug|Any CPU
		{E6E61FFA-94B2-4330-A80D-05623221515A}.Debug|x64.Build.0 = Debug|Any CPU
		{E6E61FFA-94B2-4330-A80D-05623221515A}.Debug|x86.ActiveCfg = Debug|Any CPU
		{E6E61FFA-94B2-4330-A80D-05623221515A}.Debug|x86.Build.0 = Debug|Any CPU
		{E6E61FFA-94B2-4330-A80D-05623221515A}.Release|Any CPU.ActiveCfg = Release|Any CPU
		{E6E61FFA-94B2-4330-A80D-05623221515A}.Release|Any CPU.Build.0 = Release|Any CPU
		{E6E61FFA-94B2-4330-A80D-05623221515A}.Release|ARM.ActiveCfg = Release|Any CPU
		{E6E61FFA-94B2-4330-A80D-05623221515A}.Release|ARM.Build.0 = Release|Any CPU
		{E6E61FFA-94B2-4330-A80D-05623221515A}.Release|iPhone.ActiveCfg = Release|Any CPU
		{E6E61FFA-94B2-4330-A80D-05623221515A}.Release|iPhone.Build.0 = Release|Any CPU
		{E6E61FFA-94B2-4330-A80D-05623221515A}.Release|iPhoneSimulator.ActiveCfg = Release|Any CPU
		{E6E61FFA-94B2-4330-A80D-05623221515A}.Release|iPhoneSimulator.Build.0 = Release|Any CPU
		{E6E61FFA-94B2-4330-A80D-05623221515A}.Release|x64.ActiveCfg = Release|Any CPU
		{E6E61FFA-94B2-4330-A80D-05623221515A}.Release|x64.Build.0 = Release|Any CPU
		{E6E61FFA-94B2-4330-A80D-05623221515A}.Release|x86.ActiveCfg = Release|Any CPU
		{E6E61FFA-94B2-4330-A80D-05623221515A}.Release|x86.Build.0 = Release|Any CPU
		{BF890B32-8FB1-40F1-B2AA-AF943FB8F5BE}.Ad-Hoc|Any CPU.ActiveCfg = Debug|Any CPU
		{BF890B32-8FB1-40F1-B2AA-AF943FB8F5BE}.Ad-Hoc|Any CPU.Build.0 = Debug|Any CPU
		{BF890B32-8FB1-40F1-B2AA-AF943FB8F5BE}.Ad-Hoc|ARM.ActiveCfg = Debug|Any CPU
		{BF890B32-8FB1-40F1-B2AA-AF943FB8F5BE}.Ad-Hoc|ARM.Build.0 = Debug|Any CPU
		{BF890B32-8FB1-40F1-B2AA-AF943FB8F5BE}.Ad-Hoc|iPhone.ActiveCfg = Debug|Any CPU
		{BF890B32-8FB1-40F1-B2AA-AF943FB8F5BE}.Ad-Hoc|iPhone.Build.0 = Debug|Any CPU
		{BF890B32-8FB1-40F1-B2AA-AF943FB8F5BE}.Ad-Hoc|iPhoneSimulator.ActiveCfg = Debug|Any CPU
		{BF890B32-8FB1-40F1-B2AA-AF943FB8F5BE}.Ad-Hoc|iPhoneSimulator.Build.0 = Debug|Any CPU
		{BF890B32-8FB1-40F1-B2AA-AF943FB8F5BE}.Ad-Hoc|x64.ActiveCfg = Debug|Any CPU
		{BF890B32-8FB1-40F1-B2AA-AF943FB8F5BE}.Ad-Hoc|x64.Build.0 = Debug|Any CPU
		{BF890B32-8FB1-40F1-B2AA-AF943FB8F5BE}.Ad-Hoc|x86.ActiveCfg = Debug|Any CPU
		{BF890B32-8FB1-40F1-B2AA-AF943FB8F5BE}.Ad-Hoc|x86.Build.0 = Debug|Any CPU
		{BF890B32-8FB1-40F1-B2AA-AF943FB8F5BE}.AppStore|Any CPU.ActiveCfg = Debug|Any CPU
		{BF890B32-8FB1-40F1-B2AA-AF943FB8F5BE}.AppStore|Any CPU.Build.0 = Debug|Any CPU
		{BF890B32-8FB1-40F1-B2AA-AF943FB8F5BE}.AppStore|ARM.ActiveCfg = Debug|Any CPU
		{BF890B32-8FB1-40F1-B2AA-AF943FB8F5BE}.AppStore|ARM.Build.0 = Debug|Any CPU
		{BF890B32-8FB1-40F1-B2AA-AF943FB8F5BE}.AppStore|iPhone.ActiveCfg = Debug|Any CPU
		{BF890B32-8FB1-40F1-B2AA-AF943FB8F5BE}.AppStore|iPhone.Build.0 = Debug|Any CPU
		{BF890B32-8FB1-40F1-B2AA-AF943FB8F5BE}.AppStore|iPhoneSimulator.ActiveCfg = Debug|Any CPU
		{BF890B32-8FB1-40F1-B2AA-AF943FB8F5BE}.AppStore|iPhoneSimulator.Build.0 = Debug|Any CPU
		{BF890B32-8FB1-40F1-B2AA-AF943FB8F5BE}.AppStore|x64.ActiveCfg = Debug|Any CPU
		{BF890B32-8FB1-40F1-B2AA-AF943FB8F5BE}.AppStore|x64.Build.0 = Debug|Any CPU
		{BF890B32-8FB1-40F1-B2AA-AF943FB8F5BE}.AppStore|x86.ActiveCfg = Debug|Any CPU
		{BF890B32-8FB1-40F1-B2AA-AF943FB8F5BE}.AppStore|x86.Build.0 = Debug|Any CPU
		{BF890B32-8FB1-40F1-B2AA-AF943FB8F5BE}.Debug|Any CPU.ActiveCfg = Debug|Any CPU
		{BF890B32-8FB1-40F1-B2AA-AF943FB8F5BE}.Debug|Any CPU.Build.0 = Debug|Any CPU
		{BF890B32-8FB1-40F1-B2AA-AF943FB8F5BE}.Debug|ARM.ActiveCfg = Debug|Any CPU
		{BF890B32-8FB1-40F1-B2AA-AF943FB8F5BE}.Debug|ARM.Build.0 = Debug|Any CPU
		{BF890B32-8FB1-40F1-B2AA-AF943FB8F5BE}.Debug|iPhone.ActiveCfg = Debug|Any CPU
		{BF890B32-8FB1-40F1-B2AA-AF943FB8F5BE}.Debug|iPhone.Build.0 = Debug|Any CPU
		{BF890B32-8FB1-40F1-B2AA-AF943FB8F5BE}.Debug|iPhoneSimulator.ActiveCfg = Debug|Any CPU
		{BF890B32-8FB1-40F1-B2AA-AF943FB8F5BE}.Debug|iPhoneSimulator.Build.0 = Debug|Any CPU
		{BF890B32-8FB1-40F1-B2AA-AF943FB8F5BE}.Debug|x64.ActiveCfg = Debug|Any CPU
		{BF890B32-8FB1-40F1-B2AA-AF943FB8F5BE}.Debug|x64.Build.0 = Debug|Any CPU
		{BF890B32-8FB1-40F1-B2AA-AF943FB8F5BE}.Debug|x86.ActiveCfg = Debug|Any CPU
		{BF890B32-8FB1-40F1-B2AA-AF943FB8F5BE}.Debug|x86.Build.0 = Debug|Any CPU
		{BF890B32-8FB1-40F1-B2AA-AF943FB8F5BE}.Release|Any CPU.ActiveCfg = Release|Any CPU
		{BF890B32-8FB1-40F1-B2AA-AF943FB8F5BE}.Release|Any CPU.Build.0 = Release|Any CPU
		{BF890B32-8FB1-40F1-B2AA-AF943FB8F5BE}.Release|ARM.ActiveCfg = Release|Any CPU
		{BF890B32-8FB1-40F1-B2AA-AF943FB8F5BE}.Release|ARM.Build.0 = Release|Any CPU
		{BF890B32-8FB1-40F1-B2AA-AF943FB8F5BE}.Release|iPhone.ActiveCfg = Release|Any CPU
		{BF890B32-8FB1-40F1-B2AA-AF943FB8F5BE}.Release|iPhone.Build.0 = Release|Any CPU
		{BF890B32-8FB1-40F1-B2AA-AF943FB8F5BE}.Release|iPhoneSimulator.ActiveCfg = Release|Any CPU
		{BF890B32-8FB1-40F1-B2AA-AF943FB8F5BE}.Release|iPhoneSimulator.Build.0 = Release|Any CPU
		{BF890B32-8FB1-40F1-B2AA-AF943FB8F5BE}.Release|x64.ActiveCfg = Release|Any CPU
		{BF890B32-8FB1-40F1-B2AA-AF943FB8F5BE}.Release|x64.Build.0 = Release|Any CPU
		{BF890B32-8FB1-40F1-B2AA-AF943FB8F5BE}.Release|x86.ActiveCfg = Release|Any CPU
		{BF890B32-8FB1-40F1-B2AA-AF943FB8F5BE}.Release|x86.Build.0 = Release|Any CPU
		{477656C4-5A73-443D-8BD8-A860B1831B16}.Ad-Hoc|Any CPU.ActiveCfg = Debug|Any CPU
		{477656C4-5A73-443D-8BD8-A860B1831B16}.Ad-Hoc|Any CPU.Build.0 = Debug|Any CPU
		{477656C4-5A73-443D-8BD8-A860B1831B16}.Ad-Hoc|ARM.ActiveCfg = Debug|Any CPU
		{477656C4-5A73-443D-8BD8-A860B1831B16}.Ad-Hoc|ARM.Build.0 = Debug|Any CPU
		{477656C4-5A73-443D-8BD8-A860B1831B16}.Ad-Hoc|iPhone.ActiveCfg = Debug|Any CPU
		{477656C4-5A73-443D-8BD8-A860B1831B16}.Ad-Hoc|iPhone.Build.0 = Debug|Any CPU
		{477656C4-5A73-443D-8BD8-A860B1831B16}.Ad-Hoc|iPhoneSimulator.ActiveCfg = Debug|Any CPU
		{477656C4-5A73-443D-8BD8-A860B1831B16}.Ad-Hoc|iPhoneSimulator.Build.0 = Debug|Any CPU
		{477656C4-5A73-443D-8BD8-A860B1831B16}.Ad-Hoc|x64.ActiveCfg = Debug|Any CPU
		{477656C4-5A73-443D-8BD8-A860B1831B16}.Ad-Hoc|x64.Build.0 = Debug|Any CPU
		{477656C4-5A73-443D-8BD8-A860B1831B16}.Ad-Hoc|x86.ActiveCfg = Debug|Any CPU
		{477656C4-5A73-443D-8BD8-A860B1831B16}.Ad-Hoc|x86.Build.0 = Debug|Any CPU
		{477656C4-5A73-443D-8BD8-A860B1831B16}.AppStore|Any CPU.ActiveCfg = Debug|Any CPU
		{477656C4-5A73-443D-8BD8-A860B1831B16}.AppStore|Any CPU.Build.0 = Debug|Any CPU
		{477656C4-5A73-443D-8BD8-A860B1831B16}.AppStore|ARM.ActiveCfg = Debug|Any CPU
		{477656C4-5A73-443D-8BD8-A860B1831B16}.AppStore|ARM.Build.0 = Debug|Any CPU
		{477656C4-5A73-443D-8BD8-A860B1831B16}.AppStore|iPhone.ActiveCfg = Debug|Any CPU
		{477656C4-5A73-443D-8BD8-A860B1831B16}.AppStore|iPhone.Build.0 = Debug|Any CPU
		{477656C4-5A73-443D-8BD8-A860B1831B16}.AppStore|iPhoneSimulator.ActiveCfg = Debug|Any CPU
		{477656C4-5A73-443D-8BD8-A860B1831B16}.AppStore|iPhoneSimulator.Build.0 = Debug|Any CPU
		{477656C4-5A73-443D-8BD8-A860B1831B16}.AppStore|x64.ActiveCfg = Debug|Any CPU
		{477656C4-5A73-443D-8BD8-A860B1831B16}.AppStore|x64.Build.0 = Debug|Any CPU
		{477656C4-5A73-443D-8BD8-A860B1831B16}.AppStore|x86.ActiveCfg = Debug|Any CPU
		{477656C4-5A73-443D-8BD8-A860B1831B16}.AppStore|x86.Build.0 = Debug|Any CPU
		{477656C4-5A73-443D-8BD8-A860B1831B16}.Debug|Any CPU.ActiveCfg = Debug|Any CPU
		{477656C4-5A73-443D-8BD8-A860B1831B16}.Debug|Any CPU.Build.0 = Debug|Any CPU
		{477656C4-5A73-443D-8BD8-A860B1831B16}.Debug|ARM.ActiveCfg = Debug|Any CPU
		{477656C4-5A73-443D-8BD8-A860B1831B16}.Debug|ARM.Build.0 = Debug|Any CPU
		{477656C4-5A73-443D-8BD8-A860B1831B16}.Debug|iPhone.ActiveCfg = Debug|Any CPU
		{477656C4-5A73-443D-8BD8-A860B1831B16}.Debug|iPhone.Build.0 = Debug|Any CPU
		{477656C4-5A73-443D-8BD8-A860B1831B16}.Debug|iPhoneSimulator.ActiveCfg = Debug|Any CPU
		{477656C4-5A73-443D-8BD8-A860B1831B16}.Debug|iPhoneSimulator.Build.0 = Debug|Any CPU
		{477656C4-5A73-443D-8BD8-A860B1831B16}.Debug|x64.ActiveCfg = Debug|Any CPU
		{477656C4-5A73-443D-8BD8-A860B1831B16}.Debug|x64.Build.0 = Debug|Any CPU
		{477656C4-5A73-443D-8BD8-A860B1831B16}.Debug|x86.ActiveCfg = Debug|Any CPU
		{477656C4-5A73-443D-8BD8-A860B1831B16}.Debug|x86.Build.0 = Debug|Any CPU
		{477656C4-5A73-443D-8BD8-A860B1831B16}.Release|Any CPU.ActiveCfg = Release|Any CPU
		{477656C4-5A73-443D-8BD8-A860B1831B16}.Release|Any CPU.Build.0 = Release|Any CPU
		{477656C4-5A73-443D-8BD8-A860B1831B16}.Release|ARM.ActiveCfg = Release|Any CPU
		{477656C4-5A73-443D-8BD8-A860B1831B16}.Release|ARM.Build.0 = Release|Any CPU
		{477656C4-5A73-443D-8BD8-A860B1831B16}.Release|iPhone.ActiveCfg = Release|Any CPU
		{477656C4-5A73-443D-8BD8-A860B1831B16}.Release|iPhone.Build.0 = Release|Any CPU
		{477656C4-5A73-443D-8BD8-A860B1831B16}.Release|iPhoneSimulator.ActiveCfg = Release|Any CPU
		{477656C4-5A73-443D-8BD8-A860B1831B16}.Release|iPhoneSimulator.Build.0 = Release|Any CPU
		{477656C4-5A73-443D-8BD8-A860B1831B16}.Release|x64.ActiveCfg = Release|Any CPU
		{477656C4-5A73-443D-8BD8-A860B1831B16}.Release|x64.Build.0 = Release|Any CPU
		{477656C4-5A73-443D-8BD8-A860B1831B16}.Release|x86.ActiveCfg = Release|Any CPU
		{477656C4-5A73-443D-8BD8-A860B1831B16}.Release|x86.Build.0 = Release|Any CPU
	EndGlobalSection
	GlobalSection(SolutionProperties) = preSolution
		HideSolutionNode = FALSE
	EndGlobalSection
	GlobalSection(ExtensibilityGlobals) = postSolution
		SolutionGuid = {35AF5DC3-C02E-4AD0-8F76-4B146CD1C12C}
	EndGlobalSection
EndGlobal
